
Microsoft Visual Studio Solution File, Format Version 12.00
# Visual Studio for Mac
Project("{FAE04EC0-301F-11D3-BF4B-00C04F79EFBC}") = "Assembly-CSharp", "Assembly-CSharp.csproj", "{B44E46EE-4E83-EA5A-6406-ABFADC86EECF}"
EndProject
Project("{FAE04EC0-301F-11D3-BF4B-00C04F79EFBC}") = "Assembly-CSharp-firstpass", "Assembly-CSharp-firstpass.csproj", "{CB183C01-428F-635D-089B-28241AEBA33E}"
EndProject
Global
	GlobalSection(SolutionConfigurationPlatforms) = preSolution
		Debug|Any CPU = Debug|Any CPU
		Release|Any CPU = Release|Any CPU
	EndGlobalSection
	GlobalSection(ProjectConfigurationPlatforms) = postSolution
		{B44E46EE-4E83-EA5A-6406-ABFADC86EECF}.Debug|Any CPU.ActiveCfg = Debug|Any CPU
		{B44E46EE-4E83-EA5A-6406-ABFADC86EECF}.Debug|Any CPU.Build.0 = Debug|Any CPU
		{B44E46EE-4E83-EA5A-6406-ABFADC86EECF}.Release|Any CPU.ActiveCfg = Release|Any CPU
		{B44E46EE-4E83-EA5A-6406-ABFADC86EECF}.Release|Any CPU.Build.0 = Release|Any CPU
		{CB183C01-428F-635D-089B-28241AEBA33E}.Debug|Any CPU.ActiveCfg = Debug|Any CPU
		{CB183C01-428F-635D-089B-28241AEBA33E}.Debug|Any CPU.Build.0 = Debug|Any CPU
		{CB183C01-428F-635D-089B-28241AEBA33E}.Release|Any CPU.ActiveCfg = Release|Any CPU
		{CB183C01-428F-635D-089B-28241AEBA33E}.Release|Any CPU.Build.0 = Release|Any CPU
	EndGlobalSection
	GlobalSection(SolutionProperties) = preSolution
		HideSolutionNode = FALSE
	EndGlobalSection
EndGlobal
